
Microsoft Visual Studio Solution File, Format Version 12.00
# Visual Studio 14
VisualStudioVersion = 14.0.25420.1
MinimumVisualStudioVersion = 10.0.40219.1
Project("{2150E333-8FDC-42A3-9474-1A3956D46DE8}") = "常用帮助类", "常用帮助类", "{D746A863-0E9A-4A3A-96FA-04DB03581255}"
EndProject
Project("{FAE04EC0-301F-11D3-BF4B-00C04F79EFBC}") = "DotNet.Utilities", "常用类库\DotNet.Utilities.csproj", "{0A9704F9-7864-45AF-BFA7-E09F2B30A29F}"
EndProject
Project("{2150E333-8FDC-42A3-9474-1A3956D46DE8}") = "常用框架", "常用框架", "{97242934-72A1-410F-B35C-70CE75AFC902}"
EndProject
Project("{FAE04EC0-301F-11D3-BF4B-00C04F79EFBC}") = "Farseer.Net.Redis", "常用框架\Farseer.Net.Redis\Src\Farseer.Net.Redis.csproj", "{99D6F4E7-980B-4115-AE5A-DA0C17129780}"
EndProject
Project("{FAE04EC0-301F-11D3-BF4B-00C04F79EFBC}") = "Farseer.Net.Sql", "常用框架\Farseer.Net.Sql\Src\Farseer.Net.Sql.csproj", "{0484262D-0AFC-4AB6-BAAF-E944778FF30E}"
EndProject
Project("{FAE04EC0-301F-11D3-BF4B-00C04F79EFBC}") = "Farseer.Net.Utils", "常用框架\Farseer.Net.Utils\Src\Farseer.Net.Utils\Farseer.Net.Utils.csproj", "{F82573C6-360B-4795-AEB2-C57D947857D1}"
EndProject
Project("{FAE04EC0-301F-11D3-BF4B-00C04F79EFBC}") = "Farseer.Net.Utils.Web", "常用框架\Farseer.Net.Utils\Src\Farseer.Net.Utils.Web\Farseer.Net.Utils.Web.csproj", "{9FBAA409-251A-428C-B222-F7426D19C244}"
EndProject
Project("{FAE04EC0-301F-11D3-BF4B-00C04F79EFBC}") = "Farseer.Net", "常用框架\FarseerNet\Src\Farseer.Net.csproj", "{F6345D1B-C5DC-464C-A417-C02D7CD37E52}"
EndProject
Project("{2150E333-8FDC-42A3-9474-1A3956D46DE8}") = "Farseer", "Farseer", "{BAF65CEB-C0AB-46B2-AEF4-47430DA7424B}"
EndProject
Project("{2150E333-8FDC-42A3-9474-1A3956D46DE8}") = "常用ORM", "常用ORM", "{B98F7D66-9FEE-4326-B979-1666E6448B6B}"
EndProject
Project("{2150E333-8FDC-42A3-9474-1A3956D46DE8}") = "常用Cache", "常用Cache", "{5AB4840D-90BD-4B65-9353-B0D90CA007F0}"
EndProject
Project("{2150E333-8FDC-42A3-9474-1A3956D46DE8}") = "SqlSugar", "SqlSugar", "{CEE2B391-DBE2-43B4-B2C9-D3D7EEF0A63B}"
EndProject
Project("{2150E333-8FDC-42A3-9474-1A3956D46DE8}") = "Dapper", "Dapper", "{61D4B4ED-AB0D-4A8B-B6A7-BEAA1971A310}"
EndProject
Project("{2150E333-8FDC-42A3-9474-1A3956D46DE8}") = "Redis", "Redis", "{29DE45E9-8164-49EE-B093-FACAE4FB1051}"
EndProject
Project("{2150E333-8FDC-42A3-9474-1A3956D46DE8}") = "MongoDB", "MongoDB", "{11FFE4C8-1E86-44E4-B072-DF1DB0D0FB13}"
EndProject
Project("{2150E333-8FDC-42A3-9474-1A3956D46DE8}") = "UnitTest", "UnitTest", "{1AA7D69E-70CF-4818-BA1A-723B8E378314}"
EndProject
Project("{2150E333-8FDC-42A3-9474-1A3956D46DE8}") = "Web", "Web", "{3F86A20B-F211-4F2A-9E99-46D4CF818DB3}"
EndProject
Project("{FAE04EC0-301F-11D3-BF4B-00C04F79EFBC}") = "An.WebSite", "Web\An.WebSite\An.WebSite.csproj", "{3035607C-24B2-44D0-A205-2646BC57FBBB}"
EndProject
Project("{FAE04EC0-301F-11D3-BF4B-00C04F79EFBC}") = "An.DapperHelper", "常用ORM\Dapper\An.DapperHelper\An.DapperHelper.csproj", "{E9E0DA90-06B4-4B88-80E9-F36276B39675}"
EndProject
Project("{FAE04EC0-301F-11D3-BF4B-00C04F79EFBC}") = "TestConsole", "UnitTest\TestConsole\TestConsole.csproj", "{6713D336-10C8-4A51-AC5A-4156760169ED}"
EndProject
Global
	GlobalSection(SolutionConfigurationPlatforms) = preSolution
		Debug|Any CPU = Debug|Any CPU
		Debug|x64 = Debug|x64
		Release|Any CPU = Release|Any CPU
		Release|x64 = Release|x64
	EndGlobalSection
	GlobalSection(ProjectConfigurationPlatforms) = postSolution
		{0A9704F9-7864-45AF-BFA7-E09F2B30A29F}.Debug|Any CPU.ActiveCfg = Debug|Any CPU
		{0A9704F9-7864-45AF-BFA7-E09F2B30A29F}.Debug|Any CPU.Build.0 = Debug|Any CPU
		{0A9704F9-7864-45AF-BFA7-E09F2B30A29F}.Debug|x64.ActiveCfg = Debug|Any CPU
		{0A9704F9-7864-45AF-BFA7-E09F2B30A29F}.Debug|x64.Build.0 = Debug|Any CPU
		{0A9704F9-7864-45AF-BFA7-E09F2B30A29F}.Release|Any CPU.ActiveCfg = Release|Any CPU
		{0A9704F9-7864-45AF-BFA7-E09F2B30A29F}.Release|Any CPU.Build.0 = Release|Any CPU
		{0A9704F9-7864-45AF-BFA7-E09F2B30A29F}.Release|x64.ActiveCfg = Release|Any CPU
		{0A9704F9-7864-45AF-BFA7-E09F2B30A29F}.Release|x64.Build.0 = Release|Any CPU
		{99D6F4E7-980B-4115-AE5A-DA0C17129780}.Debug|Any CPU.ActiveCfg = Debug|Any CPU
		{99D6F4E7-980B-4115-AE5A-DA0C17129780}.Debug|Any CPU.Build.0 = Debug|Any CPU
		{99D6F4E7-980B-4115-AE5A-DA0C17129780}.Debug|x64.ActiveCfg = Debug|Any CPU
		{99D6F4E7-980B-4115-AE5A-DA0C17129780}.Debug|x64.Build.0 = Debug|Any CPU
		{99D6F4E7-980B-4115-AE5A-DA0C17129780}.Release|Any CPU.ActiveCfg = Release|Any CPU
		{99D6F4E7-980B-4115-AE5A-DA0C17129780}.Release|Any CPU.Build.0 = Release|Any CPU
		{99D6F4E7-980B-4115-AE5A-DA0C17129780}.Release|x64.ActiveCfg = Release|Any CPU
		{99D6F4E7-980B-4115-AE5A-DA0C17129780}.Release|x64.Build.0 = Release|Any CPU
		{0484262D-0AFC-4AB6-BAAF-E944778FF30E}.Debug|Any CPU.ActiveCfg = Debug|Any CPU
		{0484262D-0AFC-4AB6-BAAF-E944778FF30E}.Debug|Any CPU.Build.0 = Debug|Any CPU
		{0484262D-0AFC-4AB6-BAAF-E944778FF30E}.Debug|x64.ActiveCfg = Debug|Any CPU
		{0484262D-0AFC-4AB6-BAAF-E944778FF30E}.Debug|x64.Build.0 = Debug|Any CPU
		{0484262D-0AFC-4AB6-BAAF-E944778FF30E}.Release|Any CPU.ActiveCfg = Release|Any CPU
		{0484262D-0AFC-4AB6-BAAF-E944778FF30E}.Release|Any CPU.Build.0 = Release|Any CPU
		{0484262D-0AFC-4AB6-BAAF-E944778FF30E}.Release|x64.ActiveCfg = Release|Any CPU
		{0484262D-0AFC-4AB6-BAAF-E944778FF30E}.Release|x64.Build.0 = Release|Any CPU
		{F82573C6-360B-4795-AEB2-C57D947857D1}.Debug|Any CPU.ActiveCfg = Debug|Any CPU
		{F82573C6-360B-4795-AEB2-C57D947857D1}.Debug|Any CPU.Build.0 = Debug|Any CPU
		{F82573C6-360B-4795-AEB2-C57D947857D1}.Debug|x64.ActiveCfg = Debug|Any CPU
		{F82573C6-360B-4795-AEB2-C57D947857D1}.Debug|x64.Build.0 = Debug|Any CPU
		{F82573C6-360B-4795-AEB2-C57D947857D1}.Release|Any CPU.ActiveCfg = Release|Any CPU
		{F82573C6-360B-4795-AEB2-C57D947857D1}.Release|Any CPU.Build.0 = Release|Any CPU
		{F82573C6-360B-4795-AEB2-C57D947857D1}.Release|x64.ActiveCfg = Release|Any CPU
		{F82573C6-360B-4795-AEB2-C57D947857D1}.Release|x64.Build.0 = Release|Any CPU
		{9FBAA409-251A-428C-B222-F7426D19C244}.Debug|Any CPU.ActiveCfg = Debug|Any CPU
		{9FBAA409-251A-428C-B222-F7426D19C244}.Debug|Any CPU.Build.0 = Debug|Any CPU
		{9FBAA409-251A-428C-B222-F7426D19C244}.Debug|x64.ActiveCfg = Debug|Any CPU
		{9FBAA409-251A-428C-B222-F7426D19C244}.Debug|x64.Build.0 = Debug|Any CPU
		{9FBAA409-251A-428C-B222-F7426D19C244}.Release|Any CPU.ActiveCfg = Release|Any CPU
		{9FBAA409-251A-428C-B222-F7426D19C244}.Release|Any CPU.Build.0 = Release|Any CPU
		{9FBAA409-251A-428C-B222-F7426D19C244}.Release|x64.ActiveCfg = Release|Any CPU
		{9FBAA409-251A-428C-B222-F7426D19C244}.Release|x64.Build.0 = Release|Any CPU
		{F6345D1B-C5DC-464C-A417-C02D7CD37E52}.Debug|Any CPU.ActiveCfg = Debug|Any CPU
		{F6345D1B-C5DC-464C-A417-C02D7CD37E52}.Debug|Any CPU.Build.0 = Debug|Any CPU
		{F6345D1B-C5DC-464C-A417-C02D7CD37E52}.Debug|x64.ActiveCfg = Debug|x64
		{F6345D1B-C5DC-464C-A417-C02D7CD37E52}.Debug|x64.Build.0 = Debug|x64
		{F6345D1B-C5DC-464C-A417-C02D7CD37E52}.Release|Any CPU.ActiveCfg = Release|Any CPU
		{F6345D1B-C5DC-464C-A417-C02D7CD37E52}.Release|Any CPU.Build.0 = Release|Any CPU
		{F6345D1B-C5DC-464C-A417-C02D7CD37E52}.Release|x64.ActiveCfg = Release|x64
		{F6345D1B-C5DC-464C-A417-C02D7CD37E52}.Release|x64.Build.0 = Release|x64
		{3035607C-24B2-44D0-A205-2646BC57FBBB}.Debug|Any CPU.ActiveCfg = Debug|Any CPU
		{3035607C-24B2-44D0-A205-2646BC57FBBB}.Debug|Any CPU.Build.0 = Debug|Any CPU
		{3035607C-24B2-44D0-A205-2646BC57FBBB}.Debug|x64.ActiveCfg = Debug|Any CPU
		{3035607C-24B2-44D0-A205-2646BC57FBBB}.Debug|x64.Build.0 = Debug|Any CPU
		{3035607C-24B2-44D0-A205-2646BC57FBBB}.Release|Any CPU.ActiveCfg = Release|Any CPU
		{3035607C-24B2-44D0-A205-2646BC57FBBB}.Release|Any CPU.Build.0 = Release|Any CPU
		{3035607C-24B2-44D0-A205-2646BC57FBBB}.Release|x64.ActiveCfg = Release|Any CPU
		{3035607C-24B2-44D0-A205-2646BC57FBBB}.Release|x64.Build.0 = Release|Any CPU
		{E9E0DA90-06B4-4B88-80E9-F36276B39675}.Debug|Any CPU.ActiveCfg = Debug|Any CPU
		{E9E0DA90-06B4-4B88-80E9-F36276B39675}.Debug|Any CPU.Build.0 = Debug|Any CPU
		{E9E0DA90-06B4-4B88-80E9-F36276B39675}.Debug|x64.ActiveCfg = Debug|Any CPU
		{E9E0DA90-06B4-4B88-80E9-F36276B39675}.Debug|x64.Build.0 = Debug|Any CPU
		{E9E0DA90-06B4-4B88-80E9-F36276B39675}.Release|Any CPU.ActiveCfg = Release|Any CPU
		{E9E0DA90-06B4-4B88-80E9-F36276B39675}.Release|Any CPU.Build.0 = Release|Any CPU
		{E9E0DA90-06B4-4B88-80E9-F36276B39675}.Release|x64.ActiveCfg = Release|Any CPU
		{E9E0DA90-06B4-4B88-80E9-F36276B39675}.Release|x64.Build.0 = Release|Any CPU
		{6713D336-10C8-4A51-AC5A-4156760169ED}.Debug|Any CPU.ActiveCfg = Debug|Any CPU
		{6713D336-10C8-4A51-AC5A-4156760169ED}.Debug|Any CPU.Build.0 = Debug|Any CPU
		{6713D336-10C8-4A51-AC5A-4156760169ED}.Debug|x64.ActiveCfg = Debug|Any CPU
		{6713D336-10C8-4A51-AC5A-4156760169ED}.Debug|x64.Build.0 = Debug|Any CPU
		{6713D336-10C8-4A51-AC5A-4156760169ED}.Release|Any CPU.ActiveCfg = Release|Any CPU
		{6713D336-10C8-4A51-AC5A-4156760169ED}.Release|Any CPU.Build.0 = Release|Any CPU
		{6713D336-10C8-4A51-AC5A-4156760169ED}.Release|x64.ActiveCfg = Release|Any CPU
		{6713D336-10C8-4A51-AC5A-4156760169ED}.Release|x64.Build.0 = Release|Any CPU
	EndGlobalSection
	GlobalSection(SolutionProperties) = preSolution
		HideSolutionNode = FALSE
	EndGlobalSection
	GlobalSection(NestedProjects) = preSolution
		{0A9704F9-7864-45AF-BFA7-E09F2B30A29F} = {D746A863-0E9A-4A3A-96FA-04DB03581255}
		{99D6F4E7-980B-4115-AE5A-DA0C17129780} = {BAF65CEB-C0AB-46B2-AEF4-47430DA7424B}
		{0484262D-0AFC-4AB6-BAAF-E944778FF30E} = {BAF65CEB-C0AB-46B2-AEF4-47430DA7424B}
		{F82573C6-360B-4795-AEB2-C57D947857D1} = {BAF65CEB-C0AB-46B2-AEF4-47430DA7424B}
		{9FBAA409-251A-428C-B222-F7426D19C244} = {BAF65CEB-C0AB-46B2-AEF4-47430DA7424B}
		{F6345D1B-C5DC-464C-A417-C02D7CD37E52} = {BAF65CEB-C0AB-46B2-AEF4-47430DA7424B}
		{BAF65CEB-C0AB-46B2-AEF4-47430DA7424B} = {97242934-72A1-410F-B35C-70CE75AFC902}
		{CEE2B391-DBE2-43B4-B2C9-D3D7EEF0A63B} = {B98F7D66-9FEE-4326-B979-1666E6448B6B}
		{61D4B4ED-AB0D-4A8B-B6A7-BEAA1971A310} = {B98F7D66-9FEE-4326-B979-1666E6448B6B}
		{29DE45E9-8164-49EE-B093-FACAE4FB1051} = {5AB4840D-90BD-4B65-9353-B0D90CA007F0}
		{11FFE4C8-1E86-44E4-B072-DF1DB0D0FB13} = {5AB4840D-90BD-4B65-9353-B0D90CA007F0}
		{3035607C-24B2-44D0-A205-2646BC57FBBB} = {3F86A20B-F211-4F2A-9E99-46D4CF818DB3}
		{E9E0DA90-06B4-4B88-80E9-F36276B39675} = {61D4B4ED-AB0D-4A8B-B6A7-BEAA1971A310}
		{6713D336-10C8-4A51-AC5A-4156760169ED} = {1AA7D69E-70CF-4818-BA1A-723B8E378314}
	EndGlobalSection
	GlobalSection(ExtensibilityGlobals) = postSolution
		SolutionGuid = {AC82C12A-CCCE-4DC8-91BD-F93295012271}
	EndGlobalSection
EndGlobal
