
Microsoft Visual Studio Solution File, Format Version 12.00
# Visual Studio 14
VisualStudioVersion = 14.0.23107.0
MinimumVisualStudioVersion = 10.0.40219.1
Project("{2150E333-8FDC-42A3-9474-1A3956D46DE8}") = "Src", "Src", "{FC1041A2-937A-476F-B23A-A6FF6B9F527C}"
EndProject
Project("{2150E333-8FDC-42A3-9474-1A3956D46DE8}") = "Test", "Test", "{D8EB0E64-6B72-4B6D-8ABF-C3E0C6C38651}"
EndProject
Project("{FAE04EC0-301F-11D3-BF4B-00C04F79EFBC}") = "Farseer.Net.Redis", "Src\Farseer.Net.Redis.csproj", "{99D6F4E7-980B-4115-AE5A-DA0C17129780}"
EndProject
Project("{FAE04EC0-301F-11D3-BF4B-00C04F79EFBC}") = "Farseer.Net.Redis.Tests", "Test\Farseer.Net.Redis.Tests\Farseer.Net.Redis.Tests.csproj", "{969BBA9D-0D96-4DF5-AE72-ADB8FAC89E90}"
EndProject
Project("{2150E333-8FDC-42A3-9474-1A3956D46DE8}") = "Other", "Other", "{8835E16E-46A4-4506-8F15-968924BEA2A9}"
EndProject
Project("{FAE04EC0-301F-11D3-BF4B-00C04F79EFBC}") = "ServiceStack.Redis", "Lib\ServiceStack.Redis\ServiceStack.Redis.csproj", "{AF99F19B-4C04-4F58-81EF-B092F1FCC540}"
EndProject
Project("{FAE04EC0-301F-11D3-BF4B-00C04F79EFBC}") = "ServiceStack.Redis.Tests", "Test\ServiceStack.Redis.Tests\ServiceStack.Redis.Tests.csproj", "{DFBC390D-B72F-4FCF-8CD4-CBA8DA94ED19}"
EndProject
Global
	GlobalSection(SolutionConfigurationPlatforms) = preSolution
		Debug|Any CPU = Debug|Any CPU
		Debug|x86 = Debug|x86
		MonoTouch|Any CPU = MonoTouch|Any CPU
		MonoTouch|x86 = MonoTouch|x86
		Release|Any CPU = Release|Any CPU
		Release|x86 = Release|x86
		STATIC_ONLY NO_EXPRESSIONS|Any CPU = STATIC_ONLY NO_EXPRESSIONS|Any CPU
		STATIC_ONLY NO_EXPRESSIONS|x86 = STATIC_ONLY NO_EXPRESSIONS|x86
	EndGlobalSection
	GlobalSection(ProjectConfigurationPlatforms) = postSolution
		{99D6F4E7-980B-4115-AE5A-DA0C17129780}.Debug|Any CPU.ActiveCfg = Debug|Any CPU
		{99D6F4E7-980B-4115-AE5A-DA0C17129780}.Debug|Any CPU.Build.0 = Debug|Any CPU
		{99D6F4E7-980B-4115-AE5A-DA0C17129780}.Debug|x86.ActiveCfg = Debug|Any CPU
		{99D6F4E7-980B-4115-AE5A-DA0C17129780}.Debug|x86.Build.0 = Debug|Any CPU
		{99D6F4E7-980B-4115-AE5A-DA0C17129780}.MonoTouch|Any CPU.ActiveCfg = Release|Any CPU
		{99D6F4E7-980B-4115-AE5A-DA0C17129780}.MonoTouch|Any CPU.Build.0 = Release|Any CPU
		{99D6F4E7-980B-4115-AE5A-DA0C17129780}.MonoTouch|x86.ActiveCfg = Release|Any CPU
		{99D6F4E7-980B-4115-AE5A-DA0C17129780}.MonoTouch|x86.Build.0 = Release|Any CPU
		{99D6F4E7-980B-4115-AE5A-DA0C17129780}.Release|Any CPU.ActiveCfg = Release|Any CPU
		{99D6F4E7-980B-4115-AE5A-DA0C17129780}.Release|Any CPU.Build.0 = Release|Any CPU
		{99D6F4E7-980B-4115-AE5A-DA0C17129780}.Release|x86.ActiveCfg = Release|Any CPU
		{99D6F4E7-980B-4115-AE5A-DA0C17129780}.Release|x86.Build.0 = Release|Any CPU
		{99D6F4E7-980B-4115-AE5A-DA0C17129780}.STATIC_ONLY NO_EXPRESSIONS|Any CPU.ActiveCfg = Release|Any CPU
		{99D6F4E7-980B-4115-AE5A-DA0C17129780}.STATIC_ONLY NO_EXPRESSIONS|Any CPU.Build.0 = Release|Any CPU
		{99D6F4E7-980B-4115-AE5A-DA0C17129780}.STATIC_ONLY NO_EXPRESSIONS|x86.ActiveCfg = Release|Any CPU
		{99D6F4E7-980B-4115-AE5A-DA0C17129780}.STATIC_ONLY NO_EXPRESSIONS|x86.Build.0 = Release|Any CPU
		{969BBA9D-0D96-4DF5-AE72-ADB8FAC89E90}.Debug|Any CPU.ActiveCfg = Debug|Any CPU
		{969BBA9D-0D96-4DF5-AE72-ADB8FAC89E90}.Debug|Any CPU.Build.0 = Debug|Any CPU
		{969BBA9D-0D96-4DF5-AE72-ADB8FAC89E90}.Debug|x86.ActiveCfg = Debug|Any CPU
		{969BBA9D-0D96-4DF5-AE72-ADB8FAC89E90}.Debug|x86.Build.0 = Debug|Any CPU
		{969BBA9D-0D96-4DF5-AE72-ADB8FAC89E90}.MonoTouch|Any CPU.ActiveCfg = Release|Any CPU
		{969BBA9D-0D96-4DF5-AE72-ADB8FAC89E90}.MonoTouch|Any CPU.Build.0 = Release|Any CPU
		{969BBA9D-0D96-4DF5-AE72-ADB8FAC89E90}.MonoTouch|x86.ActiveCfg = Release|Any CPU
		{969BBA9D-0D96-4DF5-AE72-ADB8FAC89E90}.MonoTouch|x86.Build.0 = Release|Any CPU
		{969BBA9D-0D96-4DF5-AE72-ADB8FAC89E90}.Release|Any CPU.ActiveCfg = Release|Any CPU
		{969BBA9D-0D96-4DF5-AE72-ADB8FAC89E90}.Release|Any CPU.Build.0 = Release|Any CPU
		{969BBA9D-0D96-4DF5-AE72-ADB8FAC89E90}.Release|x86.ActiveCfg = Release|Any CPU
		{969BBA9D-0D96-4DF5-AE72-ADB8FAC89E90}.Release|x86.Build.0 = Release|Any CPU
		{969BBA9D-0D96-4DF5-AE72-ADB8FAC89E90}.STATIC_ONLY NO_EXPRESSIONS|Any CPU.ActiveCfg = Release|Any CPU
		{969BBA9D-0D96-4DF5-AE72-ADB8FAC89E90}.STATIC_ONLY NO_EXPRESSIONS|Any CPU.Build.0 = Release|Any CPU
		{969BBA9D-0D96-4DF5-AE72-ADB8FAC89E90}.STATIC_ONLY NO_EXPRESSIONS|x86.ActiveCfg = Release|Any CPU
		{969BBA9D-0D96-4DF5-AE72-ADB8FAC89E90}.STATIC_ONLY NO_EXPRESSIONS|x86.Build.0 = Release|Any CPU
		{AF99F19B-4C04-4F58-81EF-B092F1FCC540}.Debug|Any CPU.ActiveCfg = Debug|Any CPU
		{AF99F19B-4C04-4F58-81EF-B092F1FCC540}.Debug|Any CPU.Build.0 = Debug|Any CPU
		{AF99F19B-4C04-4F58-81EF-B092F1FCC540}.Debug|x86.ActiveCfg = Debug|x86
		{AF99F19B-4C04-4F58-81EF-B092F1FCC540}.Debug|x86.Build.0 = Debug|x86
		{AF99F19B-4C04-4F58-81EF-B092F1FCC540}.MonoTouch|Any CPU.ActiveCfg = MonoTouch|Any CPU
		{AF99F19B-4C04-4F58-81EF-B092F1FCC540}.MonoTouch|Any CPU.Build.0 = MonoTouch|Any CPU
		{AF99F19B-4C04-4F58-81EF-B092F1FCC540}.MonoTouch|x86.ActiveCfg = MonoTouch|x86
		{AF99F19B-4C04-4F58-81EF-B092F1FCC540}.MonoTouch|x86.Build.0 = MonoTouch|x86
		{AF99F19B-4C04-4F58-81EF-B092F1FCC540}.Release|Any CPU.ActiveCfg = Release|Any CPU
		{AF99F19B-4C04-4F58-81EF-B092F1FCC540}.Release|Any CPU.Build.0 = Release|Any CPU
		{AF99F19B-4C04-4F58-81EF-B092F1FCC540}.Release|x86.ActiveCfg = Release|x86
		{AF99F19B-4C04-4F58-81EF-B092F1FCC540}.Release|x86.Build.0 = Release|x86
		{AF99F19B-4C04-4F58-81EF-B092F1FCC540}.STATIC_ONLY NO_EXPRESSIONS|Any CPU.ActiveCfg = STATIC_ONLY NO_EXPRESSIONS|Any CPU
		{AF99F19B-4C04-4F58-81EF-B092F1FCC540}.STATIC_ONLY NO_EXPRESSIONS|Any CPU.Build.0 = STATIC_ONLY NO_EXPRESSIONS|Any CPU
		{AF99F19B-4C04-4F58-81EF-B092F1FCC540}.STATIC_ONLY NO_EXPRESSIONS|x86.ActiveCfg = STATIC_ONLY NO_EXPRESSIONS|x86
		{AF99F19B-4C04-4F58-81EF-B092F1FCC540}.STATIC_ONLY NO_EXPRESSIONS|x86.Build.0 = STATIC_ONLY NO_EXPRESSIONS|x86
		{DFBC390D-B72F-4FCF-8CD4-CBA8DA94ED19}.Debug|Any CPU.ActiveCfg = Debug|Any CPU
		{DFBC390D-B72F-4FCF-8CD4-CBA8DA94ED19}.Debug|Any CPU.Build.0 = Debug|Any CPU
		{DFBC390D-B72F-4FCF-8CD4-CBA8DA94ED19}.Debug|x86.ActiveCfg = Debug|Any CPU
		{DFBC390D-B72F-4FCF-8CD4-CBA8DA94ED19}.Debug|x86.Build.0 = Debug|Any CPU
		{DFBC390D-B72F-4FCF-8CD4-CBA8DA94ED19}.MonoTouch|Any CPU.ActiveCfg = Release|Any CPU
		{DFBC390D-B72F-4FCF-8CD4-CBA8DA94ED19}.MonoTouch|Any CPU.Build.0 = Release|Any CPU
		{DFBC390D-B72F-4FCF-8CD4-CBA8DA94ED19}.MonoTouch|x86.ActiveCfg = Release|Any CPU
		{DFBC390D-B72F-4FCF-8CD4-CBA8DA94ED19}.MonoTouch|x86.Build.0 = Release|Any CPU
		{DFBC390D-B72F-4FCF-8CD4-CBA8DA94ED19}.Release|Any CPU.ActiveCfg = Release|Any CPU
		{DFBC390D-B72F-4FCF-8CD4-CBA8DA94ED19}.Release|Any CPU.Build.0 = Release|Any CPU
		{DFBC390D-B72F-4FCF-8CD4-CBA8DA94ED19}.Release|x86.ActiveCfg = Release|Any CPU
		{DFBC390D-B72F-4FCF-8CD4-CBA8DA94ED19}.Release|x86.Build.0 = Release|Any CPU
		{DFBC390D-B72F-4FCF-8CD4-CBA8DA94ED19}.STATIC_ONLY NO_EXPRESSIONS|Any CPU.ActiveCfg = Release|Any CPU
		{DFBC390D-B72F-4FCF-8CD4-CBA8DA94ED19}.STATIC_ONLY NO_EXPRESSIONS|Any CPU.Build.0 = Release|Any CPU
		{DFBC390D-B72F-4FCF-8CD4-CBA8DA94ED19}.STATIC_ONLY NO_EXPRESSIONS|x86.ActiveCfg = Release|Any CPU
		{DFBC390D-B72F-4FCF-8CD4-CBA8DA94ED19}.STATIC_ONLY NO_EXPRESSIONS|x86.Build.0 = Release|Any CPU
	EndGlobalSection
	GlobalSection(SolutionProperties) = preSolution
		HideSolutionNode = FALSE
	EndGlobalSection
	GlobalSection(NestedProjects) = preSolution
		{99D6F4E7-980B-4115-AE5A-DA0C17129780} = {FC1041A2-937A-476F-B23A-A6FF6B9F527C}
		{969BBA9D-0D96-4DF5-AE72-ADB8FAC89E90} = {D8EB0E64-6B72-4B6D-8ABF-C3E0C6C38651}
		{AF99F19B-4C04-4F58-81EF-B092F1FCC540} = {8835E16E-46A4-4506-8F15-968924BEA2A9}
		{DFBC390D-B72F-4FCF-8CD4-CBA8DA94ED19} = {D8EB0E64-6B72-4B6D-8ABF-C3E0C6C38651}
	EndGlobalSection
EndGlobal
